
Microsoft Visual Studio Solution File, Format Version 12.00
# Visual Studio Version 16
VisualStudioVersion = 16.0.30907.101
MinimumVisualStudioVersion = 10.0.40219.1
Project("{FAE04EC0-301F-11D3-BF4B-00C04F79EFBC}") = "Chapter_11", "Chapter_11\Chapter_11.csproj", "{399688DE-16BE-40E1-9ECC-69ACC00D6626}"
EndProject
Global
	GlobalSection(SolutionConfigurationPlatforms) = preSolution
		Debug|Any CPU = Debug|Any CPU
		Release|Any CPU = Release|Any CPU
	EndGlobalSection
	GlobalSection(ProjectConfigurationPlatforms) = postSolution
		{399688DE-16BE-40E1-9ECC-69ACC00D6626}.Debug|Any CPU.ActiveCfg = Debug|Any CPU
		{399688DE-16BE-40E1-9ECC-69ACC00D6626}.Debug|Any CPU.Build.0 = Debug|Any CPU
		{399688DE-16BE-40E1-9ECC-69ACC00D6626}.Release|Any CPU.ActiveCfg = Release|Any CPU
		{399688DE-16BE-40E1-9ECC-69ACC00D6626}.Release|Any CPU.Build.0 = Release|Any CPU
	EndGlobalSection
	GlobalSection(SolutionProperties) = preSolution
		HideSolutionNode = FALSE
	EndGlobalSection
	GlobalSection(ExtensibilityGlobals) = postSolution
		SolutionGuid = {5CF28C9C-1F3C-4458-BCD2-6D0B1651A29E}
	EndGlobalSection
EndGlobal
